
Microsoft Visual Studio Solution File, Format Version 12.00
# Visual Studio 14
VisualStudioVersion = 14.0.23107.0
MinimumVisualStudioVersion = 10.0.40219.1
Project("{FAE04EC0-301F-11D3-BF4B-00C04F79EFBC}") = "Faq", "Faq\Faq.csproj", "{38FFE63D-49DA-4786-8691-11C6B506E7EA}"
EndProject
Project("{2150E333-8FDC-42A3-9474-1A3956D46DE8}") = "Solution Items", "Solution Items", "{015FACE9-995F-4058-A6A7-269EEFC0B415}"
	ProjectSection(SolutionItems) = preProject
		edit.png = edit.png
		readme.md = readme.md
		view.png = view.png
		viewedit.png = viewedit.png
	EndProjectSection
EndProject
Global
	GlobalSection(SolutionConfigurationPlatforms) = preSolution
		Debug|Any CPU = Debug|Any CPU
		Release|Any CPU = Release|Any CPU
	EndGlobalSection
	GlobalSection(ProjectConfigurationPlatforms) = postSolution
		{38FFE63D-49DA-4786-8691-11C6B506E7EA}.Debug|Any CPU.ActiveCfg = Debug|Any CPU
		{38FFE63D-49DA-4786-8691-11C6B506E7EA}.Debug|Any CPU.Build.0 = Debug|Any CPU
		{38FFE63D-49DA-4786-8691-11C6B506E7EA}.Release|Any CPU.ActiveCfg = Release|Any CPU
		{38FFE63D-49DA-4786-8691-11C6B506E7EA}.Release|Any CPU.Build.0 = Release|Any CPU
	EndGlobalSection
	GlobalSection(SolutionProperties) = preSolution
		HideSolutionNode = FALSE
	EndGlobalSection
EndGlobal
